<?xml version="1.0" encoding="utf-8"?>
<Project ToolsVersion="4.0" xmlns="http://schemas.microsoft.com/developer/msbuild/2003">
  <ItemGroup>
    <Filter Include="Header Files">
      <UniqueIdentifier>{d6dadd20-a8fb-403f-8f22-5c9e5151e0e3}</UniqueIdentifier>
    </Filter>
    <Filter Include="CPP Files">
      <UniqueIdentifier>{5ecc2e2f-217b-4214-b191-cb177d9e3275}</UniqueIdentifier>
    </Filter>
  </ItemGroup>
  <ItemGroup>
    <ClInclude Include="src\Core\Application.h">
      <Filter>Header Files</Filter>
    </ClInclude>
    <ClInclude Include="src\Core\TimeStep.h">
      <Filter>Header Files</Filter>
    </ClInclude>
    <ClInclude Include="src\Core\Input.h">
      <Filter>Header Files</Filter>
    </ClInclude>
    <ClInclude Include="src\Core\KeyCodes.h">
      <Filter>Header Files</Filter>
    </ClInclude>
    <ClInclude Include="src\Core\MouseCodes.h">
      <Filter>Header Files</Filter>
    </ClInclude>
    <ClInclude Include="src\Core\Debug.h">
      <Filter>Header Files</Filter>
    </ClInclude>
    <ClInclude Include="src\Core\CameraController.h">
      <Filter>Header Files</Filter>
    </ClInclude>
    <ClInclude Include="src\Rendering\AmbientLight.h">
      <Filter>Header Files</Filter>
    </ClInclude>
    <ClInclude Include="src\Rendering\Camera.h">
      <Filter>Header Files</Filter>
    </ClInclude>
    <ClInclude Include="src\Rendering\Color.h">
      <Filter>Header Files</Filter>
    </ClInclude>
    <ClInclude Include="src\Rendering\DirectionalLight.h">
      <Filter>Header Files</Filter>
    </ClInclude>
    <ClInclude Include="src\Rendering\Light.h">
      <Filter>Header Files</Filter>
    </ClInclude>
    <ClInclude Include="src\Rendering\LightData.h">
      <Filter>Header Files</Filter>
    </ClInclude>
    <ClInclude Include="src\Rendering\LightType.h">
      <Filter>Header Files</Filter>
    </ClInclude>
    <ClInclude Include="src\Rendering\lodepng.h">
      <Filter>Header Files</Filter>
    </ClInclude>
    <ClInclude Include="src\Rendering\Material.h">
      <Filter>Header Files</Filter>
    </ClInclude>
    <ClInclude Include="src\Rendering\Mesh.h">
      <Filter>Header Files</Filter>
    </ClInclude>
    <ClInclude Include="src\Rendering\Model.h">
      <Filter>Header Files</Filter>
    </ClInclude>
    <ClInclude Include="src\Rendering\ModelRepresentation.h">
      <Filter>Header Files</Filter>
    </ClInclude>
    <ClInclude Include="src\Rendering\PointLight.h">
      <Filter>Header Files</Filter>
    </ClInclude>
    <ClInclude Include="src\Rendering\RenderData.h">
      <Filter>Header Files</Filter>
    </ClInclude>
    <ClInclude Include="src\Rendering\Renderer.h">
      <Filter>Header Files</Filter>
    </ClInclude>
    <ClInclude Include="src\Rendering\Shader.h">
      <Filter>Header Files</Filter>
    </ClInclude>
    <ClInclude Include="src\Rendering\ShaderProgram.h">
      <Filter>Header Files</Filter>
    </ClInclude>
    <ClInclude Include="src\Rendering\SpotLight.h">
      <Filter>Header Files</Filter>
    </ClInclude>
    <ClInclude Include="src\Rendering\Texture.h">
      <Filter>Header Files</Filter>
    </ClInclude>
    <ClInclude Include="src\Rendering\Transform.h">
      <Filter>Header Files</Filter>
    </ClInclude>
    <ClInclude Include="src\Rendering\UniformBase.h">
      <Filter>Header Files</Filter>
    </ClInclude>
    <ClInclude Include="src\Rendering\UniformFloat.h">
      <Filter>Header Files</Filter>
    </ClInclude>
    <ClInclude Include="src\Rendering\UniformMatrix4f.h">
      <Filter>Header Files</Filter>
    </ClInclude>
    <ClInclude Include="src\Rendering\UniformSampler2D.h">
      <Filter>Header Files</Filter>
    </ClInclude>
    <ClInclude Include="src\Rendering\UniformVec3f.h">
      <Filter>Header Files</Filter>
    </ClInclude>
    <ClInclude Include="src\Maths\Vector3f.h">
      <Filter>Header Files</Filter>
    </ClInclude>
  </ItemGroup>
  <ItemGroup>
    <ClCompile Include="src\Core\main.cpp">
      <Filter>CPP Files</Filter>
    </ClCompile>
    <ClCompile Include="src\Core\Application.cpp">
      <Filter>CPP Files</Filter>
    </ClCompile>
    <ClCompile Include="src\Core\TimeStep.cpp">
      <Filter>CPP Files</Filter>
    </ClCompile>
    <ClCompile Include="src\Core\Input.cpp">
      <Filter>CPP Files</Filter>
    </ClCompile>
    <ClCompile Include="src\Core\CameraController.cpp">
      <Filter>CPP Files</Filter>
    </ClCompile>
    <ClCompile Include="src\Rendering\AmbientLight.cpp">
      <Filter>CPP Files</Filter>
    </ClCompile>
    <ClCompile Include="src\Rendering\Camera.cpp">
      <Filter>CPP Files</Filter>
    </ClCompile>
    <ClCompile Include="src\Rendering\Color.cpp">
      <Filter>CPP Files</Filter>
    </ClCompile>
    <ClCompile Include="src\Rendering\DirectionalLight.cpp">
      <Filter>CPP Files</Filter>
    </ClCompile>
    <ClCompile Include="src\Rendering\Light.cpp">
      <Filter>CPP Files</Filter>
    </ClCompile>
    <ClCompile Include="src\Rendering\LightData.cpp">
      <Filter>CPP Files</Filter>
    </ClCompile>
    <ClCompile Include="src\Rendering\lodepng.cpp">
      <Filter>CPP Files</Filter>
    </ClCompile>
    <ClCompile Include="src\Rendering\Material.cpp">
      <Filter>CPP Files</Filter>
    </ClCompile>
    <ClCompile Include="src\Rendering\Mesh.cpp">
      <Filter>CPP Files</Filter>
    </ClCompile>
    <ClCompile Include="src\Rendering\Model.cpp">
      <Filter>CPP Files</Filter>
    </ClCompile>
    <ClCompile Include="src\Rendering\PointLight.cpp">
      <Filter>CPP Files</Filter>
    </ClCompile>
    <ClCompile Include="src\Rendering\RenderData.cpp">
      <Filter>CPP Files</Filter>
    </ClCompile>
    <ClCompile Include="src\Rendering\Renderer.cpp">
      <Filter>CPP Files</Filter>
    </ClCompile>
    <ClCompile Include="src\Rendering\Shader.cpp">
      <Filter>CPP Files</Filter>
    </ClCompile>
    <ClCompile Include="src\Rendering\ShaderProgram.cpp">
      <Filter>CPP Files</Filter>
    </ClCompile>
    <ClCompile Include="src\Rendering\SpotLight.cpp">
      <Filter>CPP Files</Filter>
    </ClCompile>
    <ClCompile Include="src\Rendering\Texture.cpp">
      <Filter>CPP Files</Filter>
    </ClCompile>
    <ClCompile Include="src\Rendering\Transform.cpp">
      <Filter>CPP Files</Filter>
    </ClCompile>
    <ClCompile Include="src\Rendering\UniformBase.cpp">
      <Filter>CPP Files</Filter>
    </ClCompile>
    <ClCompile Include="src\Rendering\UniformFloat.cpp">
      <Filter>CPP Files</Filter>
    </ClCompile>
    <ClCompile Include="src\Rendering\UniformMatrix4f.cpp">
      <Filter>CPP Files</Filter>
    </ClCompile>
    <ClCompile Include="src\Rendering\UniformSampler2D.cpp">
      <Filter>CPP Files</Filter>
    </ClCompile>
    <ClCompile Include="src\Rendering\UniformVec3f.cpp">
      <Filter>CPP Files</Filter>
    </ClCompile>
    <ClCompile Include="src\Maths\Vector3f.cpp">
      <Filter>CPP Files</Filter>
    </ClCompile>
  </ItemGroup>
</Project>