<?xml version="1.0" encoding="utf-8"?>
<Project ToolsVersion="4.0" xmlns="http://schemas.microsoft.com/developer/msbuild/2003">
  <ItemGroup>
    <Filter Include="Header Files">
      <UniqueIdentifier>{d6dadd20-a8fb-403f-8f22-5c9e5151e0e3}</UniqueIdentifier>
    </Filter>
    <Filter Include="CPP Files">
      <UniqueIdentifier>{5ecc2e2f-217b-4214-b191-cb177d9e3275}</UniqueIdentifier>
    </Filter>
  </ItemGroup>
  <ItemGroup>
    <ClInclude Include="src\Tea\AmbientLight.h">
      <Filter>Header Files</Filter>
    </ClInclude>
    <ClInclude Include="src\Tea\Camera.h">
      <Filter>Header Files</Filter>
    </ClInclude>
    <ClInclude Include="src\Tea\Color.h">
      <Filter>Header Files</Filter>
    </ClInclude>
    <ClInclude Include="src\Tea\DirectionalLight.h">
      <Filter>Header Files</Filter>
    </ClInclude>
    <ClInclude Include="src\Tea\Light.h">
      <Filter>Header Files</Filter>
    </ClInclude>
    <ClInclude Include="src\Tea\LightData.h">
      <Filter>Header Files</Filter>
    </ClInclude>
    <ClInclude Include="src\Tea\LightType.h">
      <Filter>Header Files</Filter>
    </ClInclude>
    <ClInclude Include="src\Tea\lodepng.h">
      <Filter>Header Files</Filter>
    </ClInclude>
    <ClInclude Include="src\Tea\Material.h">
      <Filter>Header Files</Filter>
    </ClInclude>
    <ClInclude Include="src\Tea\Mesh.h">
      <Filter>Header Files</Filter>
    </ClInclude>
    <ClInclude Include="src\Tea\Model.h">
      <Filter>Header Files</Filter>
    </ClInclude>
    <ClInclude Include="src\Tea\ModelRepresentation.h">
      <Filter>Header Files</Filter>
    </ClInclude>
    <ClInclude Include="src\Tea\PointLight.h">
      <Filter>Header Files</Filter>
    </ClInclude>
    <ClInclude Include="src\Tea\RenderData.h">
      <Filter>Header Files</Filter>
    </ClInclude>
    <ClInclude Include="src\Tea\Renderer.h">
      <Filter>Header Files</Filter>
    </ClInclude>
    <ClInclude Include="src\Tea\Shader.h">
      <Filter>Header Files</Filter>
    </ClInclude>
    <ClInclude Include="src\Tea\ShaderProgram.h">
      <Filter>Header Files</Filter>
    </ClInclude>
    <ClInclude Include="src\Tea\SpotLight.h">
      <Filter>Header Files</Filter>
    </ClInclude>
    <ClInclude Include="src\Tea\Texture.h">
      <Filter>Header Files</Filter>
    </ClInclude>
    <ClInclude Include="src\Tea\Transform.h">
      <Filter>Header Files</Filter>
    </ClInclude>
    <ClInclude Include="src\Tea\UniformBase.h">
      <Filter>Header Files</Filter>
    </ClInclude>
    <ClInclude Include="src\Tea\UniformFloat.h">
      <Filter>Header Files</Filter>
    </ClInclude>
    <ClInclude Include="src\Tea\UniformMatrix4f.h">
      <Filter>Header Files</Filter>
    </ClInclude>
    <ClInclude Include="src\Tea\UniformSampler2D.h">
      <Filter>Header Files</Filter>
    </ClInclude>
    <ClInclude Include="src\Tea\UniformVec3f.h">
      <Filter>Header Files</Filter>
    </ClInclude>
    <ClInclude Include="src\Ura\Vector3f.h">
      <Filter>Header Files</Filter>
    </ClInclude>
    <ClInclude Include="src\Core\Application.h">
      <Filter>Header Files</Filter>
    </ClInclude>
    <ClInclude Include="src\Core\TimeStep.h">
      <Filter>Header Files</Filter>
    </ClInclude>
    <ClInclude Include="src\Core\Input.h">
      <Filter>Header Files</Filter>
    </ClInclude>
    <ClInclude Include="src\Core\KeyCodes.h">
      <Filter>Header Files</Filter>
    </ClInclude>
    <ClInclude Include="src\Core\MouseCodes.h">
      <Filter>Header Files</Filter>
    </ClInclude>
    <ClInclude Include="src\Core\Debug.h">
      <Filter>Header Files</Filter>
    </ClInclude>
    <ClInclude Include="src\Core\CameraController.h">
      <Filter>Header Files</Filter>
    </ClInclude>
  </ItemGroup>
  <ItemGroup>
    <ClCompile Include="src\Ura\Vector3f.cpp">
      <Filter>CPP Files</Filter>
    </ClCompile>
    <ClCompile Include="src\Core\main.cpp">
      <Filter>CPP Files</Filter>
    </ClCompile>
    <ClCompile Include="src\Tea\AmbientLight.cpp">
      <Filter>CPP Files</Filter>
    </ClCompile>
    <ClCompile Include="src\Tea\Camera.cpp">
      <Filter>CPP Files</Filter>
    </ClCompile>
    <ClCompile Include="src\Tea\Color.cpp">
      <Filter>CPP Files</Filter>
    </ClCompile>
    <ClCompile Include="src\Tea\DirectionalLight.cpp">
      <Filter>CPP Files</Filter>
    </ClCompile>
    <ClCompile Include="src\Tea\Light.cpp">
      <Filter>CPP Files</Filter>
    </ClCompile>
    <ClCompile Include="src\Tea\LightData.cpp">
      <Filter>CPP Files</Filter>
    </ClCompile>
    <ClCompile Include="src\Tea\lodepng.cpp">
      <Filter>CPP Files</Filter>
    </ClCompile>
    <ClCompile Include="src\Tea\Material.cpp">
      <Filter>CPP Files</Filter>
    </ClCompile>
    <ClCompile Include="src\Tea\Mesh.cpp">
      <Filter>CPP Files</Filter>
    </ClCompile>
    <ClCompile Include="src\Tea\Model.cpp">
      <Filter>CPP Files</Filter>
    </ClCompile>
    <ClCompile Include="src\Tea\PointLight.cpp">
      <Filter>CPP Files</Filter>
    </ClCompile>
    <ClCompile Include="src\Tea\RenderData.cpp">
      <Filter>CPP Files</Filter>
    </ClCompile>
    <ClCompile Include="src\Tea\Renderer.cpp">
      <Filter>CPP Files</Filter>
    </ClCompile>
    <ClCompile Include="src\Tea\Shader.cpp">
      <Filter>CPP Files</Filter>
    </ClCompile>
    <ClCompile Include="src\Tea\ShaderProgram.cpp">
      <Filter>CPP Files</Filter>
    </ClCompile>
    <ClCompile Include="src\Tea\SpotLight.cpp">
      <Filter>CPP Files</Filter>
    </ClCompile>
    <ClCompile Include="src\Tea\Texture.cpp">
      <Filter>CPP Files</Filter>
    </ClCompile>
    <ClCompile Include="src\Tea\Transform.cpp">
      <Filter>CPP Files</Filter>
    </ClCompile>
    <ClCompile Include="src\Tea\UniformBase.cpp">
      <Filter>CPP Files</Filter>
    </ClCompile>
    <ClCompile Include="src\Tea\UniformFloat.cpp">
      <Filter>CPP Files</Filter>
    </ClCompile>
    <ClCompile Include="src\Tea\UniformMatrix4f.cpp">
      <Filter>CPP Files</Filter>
    </ClCompile>
    <ClCompile Include="src\Tea\UniformSampler2D.cpp">
      <Filter>CPP Files</Filter>
    </ClCompile>
    <ClCompile Include="src\Tea\UniformVec3f.cpp">
      <Filter>CPP Files</Filter>
    </ClCompile>
    <ClCompile Include="src\Core\Application.cpp">
      <Filter>CPP Files</Filter>
    </ClCompile>
    <ClCompile Include="src\Core\TimeStep.cpp">
      <Filter>CPP Files</Filter>
    </ClCompile>
    <ClCompile Include="src\Core\Input.cpp">
      <Filter>CPP Files</Filter>
    </ClCompile>
    <ClCompile Include="src\Core\CameraController.cpp">
      <Filter>CPP Files</Filter>
    </ClCompile>
  </ItemGroup>
</Project>